// !$*UTF8*$!
{
	archiveVersion = 1;
	classes = {
	};
	objectVersion = 46;
	objects = {

/* Begin PBXBuildFile section */
		C9513F9319CF5C3F00AEB863 /* MyView.swift in Sources */ = {isa = PBXBuildFile; fileRef = C9513F9219CF5C3F00AEB863 /* MyView.swift */; };
		C95249F319CCBD0400E5578E /* AppDelegate.swift in Sources */ = {isa = PBXBuildFile; fileRef = C95249F219CCBD0400E5578E /* AppDelegate.swift */; };
		C95249F619CCBD0400E5578E /* Alpha.xcdatamodeld in Sources */ = {isa = PBXBuildFile; fileRef = C95249F419CCBD0400E5578E /* Alpha.xcdatamodeld */; };
		C95249F819CCBD0400E5578E /* MasterViewController.swift in Sources */ = {isa = PBXBuildFile; fileRef = C95249F719CCBD0400E5578E /* MasterViewController.swift */; };
		C95249FD19CCBD0400E5578E /* Main.storyboard in Resources */ = {isa = PBXBuildFile; fileRef = C95249FB19CCBD0400E5578E /* Main.storyboard */; };
		C95249FF19CCBD0400E5578E /* Images.xcassets in Resources */ = {isa = PBXBuildFile; fileRef = C95249FE19CCBD0400E5578E /* Images.xcassets */; };
		C9524A0219CCBD0400E5578E /* LaunchScreen.xib in Resources */ = {isa = PBXBuildFile; fileRef = C9524A0019CCBD0400E5578E /* LaunchScreen.xib */; };
		C9524A0E19CCBD0400E5578E /* AlphaTests.swift in Sources */ = {isa = PBXBuildFile; fileRef = C9524A0D19CCBD0400E5578E /* AlphaTests.swift */; };
		C987263519CCE39C0071868B /* Bindings.swift in Sources */ = {isa = PBXBuildFile; fileRef = C987263419CCE39C0071868B /* Bindings.swift */; };
/* End PBXBuildFile section */

/* Begin PBXContainerItemProxy section */
		C9524A0819CCBD0400E5578E /* PBXContainerItemProxy */ = {
			isa = PBXContainerItemProxy;
			containerPortal = C95249E519CCBD0400E5578E /* Project object */;
			proxyType = 1;
			remoteGlobalIDString = C95249EC19CCBD0400E5578E;
			remoteInfo = Alpha;
		};
/* End PBXContainerItemProxy section */

/* Begin PBXFileReference section */
		C9513F9219CF5C3F00AEB863 /* MyView.swift */ = {isa = PBXFileReference; fileEncoding = 4; lastKnownFileType = sourcecode.swift; path = MyView.swift; sourceTree = "<group>"; };
		C95249ED19CCBD0400E5578E /* Alpha.app */ = {isa = PBXFileReference; explicitFileType = wrapper.application; includeInIndex = 0; path = Alpha.app; sourceTree = BUILT_PRODUCTS_DIR; };
		C95249F119CCBD0400E5578E /* Info.plist */ = {isa = PBXFileReference; lastKnownFileType = text.plist.xml; path = Info.plist; sourceTree = "<group>"; };
		C95249F219CCBD0400E5578E /* AppDelegate.swift */ = {isa = PBXFileReference; lastKnownFileType = sourcecode.swift; path = AppDelegate.swift; sourceTree = "<group>"; };
		C95249F519CCBD0400E5578E /* Alpha.xcdatamodel */ = {isa = PBXFileReference; lastKnownFileType = wrapper.xcdatamodel; path = Alpha.xcdatamodel; sourceTree = "<group>"; };
		C95249F719CCBD0400E5578E /* MasterViewController.swift */ = {isa = PBXFileReference; lastKnownFileType = sourcecode.swift; path = MasterViewController.swift; sourceTree = "<group>"; };
		C95249FC19CCBD0400E5578E /* Base */ = {isa = PBXFileReference; lastKnownFileType = file.storyboard; name = Base; path = Base.lproj/Main.storyboard; sourceTree = "<group>"; };
		C95249FE19CCBD0400E5578E /* Images.xcassets */ = {isa = PBXFileReference; lastKnownFileType = folder.assetcatalog; path = Images.xcassets; sourceTree = "<group>"; };
		C9524A0119CCBD0400E5578E /* Base */ = {isa = PBXFileReference; lastKnownFileType = file.xib; name = Base; path = Base.lproj/LaunchScreen.xib; sourceTree = "<group>"; };
		C9524A0719CCBD0400E5578E /* AlphaTests.xctest */ = {isa = PBXFileReference; explicitFileType = wrapper.cfbundle; includeInIndex = 0; path = AlphaTests.xctest; sourceTree = BUILT_PRODUCTS_DIR; };
		C9524A0C19CCBD0400E5578E /* Info.plist */ = {isa = PBXFileReference; lastKnownFileType = text.plist.xml; path = Info.plist; sourceTree = "<group>"; };
		C9524A0D19CCBD0400E5578E /* AlphaTests.swift */ = {isa = PBXFileReference; lastKnownFileType = sourcecode.swift; path = AlphaTests.swift; sourceTree = "<group>"; };
		C987263419CCE39C0071868B /* Bindings.swift */ = {isa = PBXFileReference; fileEncoding = 4; lastKnownFileType = sourcecode.swift; path = Bindings.swift; sourceTree = "<group>"; };
/* End PBXFileReference section */

/* Begin PBXFrameworksBuildPhase section */
		C95249EA19CCBD0400E5578E /* Frameworks */ = {
			isa = PBXFrameworksBuildPhase;
			buildActionMask = 2147483647;
			files = (
			);
			runOnlyForDeploymentPostprocessing = 0;
		};
		C9524A0419CCBD0400E5578E /* Frameworks */ = {
			isa = PBXFrameworksBuildPhase;
			buildActionMask = 2147483647;
			files = (
			);
			runOnlyForDeploymentPostprocessing = 0;
		};
/* End PBXFrameworksBuildPhase section */

/* Begin PBXGroup section */
		C95249E419CCBD0400E5578E = {
			isa = PBXGroup;
			children = (
				C95249EF19CCBD0400E5578E /* Alpha */,
				C9524A0A19CCBD0400E5578E /* AlphaTests */,
				C95249EE19CCBD0400E5578E /* Products */,
			);
			sourceTree = "<group>";
		};
		C95249EE19CCBD0400E5578E /* Products */ = {
			isa = PBXGroup;
			children = (
				C95249ED19CCBD0400E5578E /* Alpha.app */,
				C9524A0719CCBD0400E5578E /* AlphaTests.xctest */,
			);
			name = Products;
			sourceTree = "<group>";
		};
		C95249EF19CCBD0400E5578E /* Alpha */ = {
			isa = PBXGroup;
			children = (
				C95249F219CCBD0400E5578E /* AppDelegate.swift */,
				C95249F719CCBD0400E5578E /* MasterViewController.swift */,
				C9513F9219CF5C3F00AEB863 /* MyView.swift */,
				C987263419CCE39C0071868B /* Bindings.swift */,
				C95249FB19CCBD0400E5578E /* Main.storyboard */,
				C95249FE19CCBD0400E5578E /* Images.xcassets */,
				C9524A0019CCBD0400E5578E /* LaunchScreen.xib */,
				C95249F419CCBD0400E5578E /* Alpha.xcdatamodeld */,
				C95249F019CCBD0400E5578E /* Supporting Files */,
			);
			path = Alpha;
			sourceTree = "<group>";
		};
		C95249F019CCBD0400E5578E /* Supporting Files */ = {
			isa = PBXGroup;
			children = (
				C95249F119CCBD0400E5578E /* Info.plist */,
			);
			name = "Supporting Files";
			sourceTree = "<group>";
		};
		C9524A0A19CCBD0400E5578E /* AlphaTests */ = {
			isa = PBXGroup;
			children = (
				C9524A0D19CCBD0400E5578E /* AlphaTests.swift */,
				C9524A0B19CCBD0400E5578E /* Supporting Files */,
			);
			path = AlphaTests;
			sourceTree = "<group>";
		};
		C9524A0B19CCBD0400E5578E /* Supporting Files */ = {
			isa = PBXGroup;
			children = (
				C9524A0C19CCBD0400E5578E /* Info.plist */,
			);
			name = "Supporting Files";
			sourceTree = "<group>";
		};
/* End PBXGroup section */

/* Begin PBXNativeTarget section */
		C95249EC19CCBD0400E5578E /* Alpha */ = {
			isa = PBXNativeTarget;
			buildConfigurationList = C9524A1119CCBD0400E5578E /* Build configuration list for PBXNativeTarget "Alpha" */;
			buildPhases = (
				C95249E919CCBD0400E5578E /* Sources */,
				C95249EA19CCBD0400E5578E /* Frameworks */,
				C95249EB19CCBD0400E5578E /* Resources */,
			);
			buildRules = (
			);
			dependencies = (
			);
			name = Alpha;
			productName = Alpha;
			productReference = C95249ED19CCBD0400E5578E /* Alpha.app */;
			productType = "com.apple.product-type.application";
		};
		C9524A0619CCBD0400E5578E /* AlphaTests */ = {
			isa = PBXNativeTarget;
			buildConfigurationList = C9524A1419CCBD0400E5578E /* Build configuration list for PBXNativeTarget "AlphaTests" */;
			buildPhases = (
				C9524A0319CCBD0400E5578E /* Sources */,
				C9524A0419CCBD0400E5578E /* Frameworks */,
				C9524A0519CCBD0400E5578E /* Resources */,
			);
			buildRules = (
			);
			dependencies = (
				C9524A0919CCBD0400E5578E /* PBXTargetDependency */,
			);
			name = AlphaTests;
			productName = AlphaTests;
			productReference = C9524A0719CCBD0400E5578E /* AlphaTests.xctest */;
			productType = "com.apple.product-type.bundle.unit-test";
		};
/* End PBXNativeTarget section */

/* Begin PBXProject section */
		C95249E519CCBD0400E5578E /* Project object */ = {
			isa = PBXProject;
			attributes = {
				LastUpgradeCheck = 0600;
				ORGANIZATIONNAME = OpenTable;
				TargetAttributes = {
					C95249EC19CCBD0400E5578E = {
						CreatedOnToolsVersion = 6.0.1;
					};
					C9524A0619CCBD0400E5578E = {
						CreatedOnToolsVersion = 6.0.1;
						TestTargetID = C95249EC19CCBD0400E5578E;
					};
				};
			};
			buildConfigurationList = C95249E819CCBD0400E5578E /* Build configuration list for PBXProject "Alpha" */;
			compatibilityVersion = "Xcode 3.2";
			developmentRegion = English;
			hasScannedForEncodings = 0;
			knownRegions = (
				en,
				Base,
			);
			mainGroup = C95249E419CCBD0400E5578E;
			productRefGroup = C95249EE19CCBD0400E5578E /* Products */;
			projectDirPath = "";
			projectRoot = "";
			targets = (
				C95249EC19CCBD0400E5578E /* Alpha */,
				C9524A0619CCBD0400E5578E /* AlphaTests */,
			);
		};
/* End PBXProject section */

/* Begin PBXResourcesBuildPhase section */
		C95249EB19CCBD0400E5578E /* Resources */ = {
			isa = PBXResourcesBuildPhase;
			buildActionMask = 2147483647;
			files = (
				C95249FD19CCBD0400E5578E /* Main.storyboard in Resources */,
				C9524A0219CCBD0400E5578E /* LaunchScreen.xib in Resources */,
				C95249FF19CCBD0400E5578E /* Images.xcassets in Resources */,
			);
			runOnlyForDeploymentPostprocessing = 0;
		};
		C9524A0519CCBD0400E5578E /* Resources */ = {
			isa = PBXResourcesBuildPhase;
			buildActionMask = 2147483647;
			files = (
			);
			runOnlyForDeploymentPostprocessing = 0;
		};
/* End PBXResourcesBuildPhase section */

/* Begin PBXSourcesBuildPhase section */
		C95249E919CCBD0400E5578E /* Sources */ = {
			isa = PBXSourcesBuildPhase;
			buildActionMask = 2147483647;
			files = (
				C9513F9319CF5C3F00AEB863 /* MyView.swift in Sources */,
				C987263519CCE39C0071868B /* Bindings.swift in Sources */,
				C95249F619CCBD0400E5578E /* Alpha.xcdatamodeld in Sources */,
				C95249F319CCBD0400E5578E /* AppDelegate.swift in Sources */,
				C95249F819CCBD0400E5578E /* MasterViewController.swift in Sources */,
			);
			runOnlyForDeploymentPostprocessing = 0;
		};
		C9524A0319CCBD0400E5578E /* Sources */ = {
			isa = PBXSourcesBuildPhase;
			buildActionMask = 2147483647;
			files = (
				C9524A0E19CCBD0400E5578E /* AlphaTests.swift in Sources */,
			);
			runOnlyForDeploymentPostprocessing = 0;
		};
/* End PBXSourcesBuildPhase section */

/* Begin PBXTargetDependency section */
		C9524A0919CCBD0400E5578E /* PBXTargetDependency */ = {
			isa = PBXTargetDependency;
			target = C95249EC19CCBD0400E5578E /* Alpha */;
			targetProxy = C9524A0819CCBD0400E5578E /* PBXContainerItemProxy */;
		};
/* End PBXTargetDependency section */

/* Begin PBXVariantGroup section */
		C95249FB19CCBD0400E5578E /* Main.storyboard */ = {
			isa = PBXVariantGroup;
			children = (
				C95249FC19CCBD0400E5578E /* Base */,
			);
			name = Main.storyboard;
			sourceTree = "<group>";
		};
		C9524A0019CCBD0400E5578E /* LaunchScreen.xib */ = {
			isa = PBXVariantGroup;
			children = (
				C9524A0119CCBD0400E5578E /* Base */,
			);
			name = LaunchScreen.xib;
			sourceTree = "<group>";
		};
/* End PBXVariantGroup section */

/* Begin XCBuildConfiguration section */
		C9524A0F19CCBD0400E5578E /* Debug */ = {
			isa = XCBuildConfiguration;
			buildSettings = {
				ALWAYS_SEARCH_USER_PATHS = NO;
				CLANG_CXX_LANGUAGE_STANDARD = "gnu++0x";
				CLANG_CXX_LIBRARY = "libc++";
				CLANG_ENABLE_MODULES = YES;
				CLANG_ENABLE_OBJC_ARC = YES;
				CLANG_WARN_BOOL_CONVERSION = YES;
				CLANG_WARN_CONSTANT_CONVERSION = YES;
				CLANG_WARN_DIRECT_OBJC_ISA_USAGE = YES_ERROR;
				CLANG_WARN_EMPTY_BODY = YES;
				CLANG_WARN_ENUM_CONVERSION = YES;
				CLANG_WARN_INT_CONVERSION = YES;
				CLANG_WARN_OBJC_ROOT_CLASS = YES_ERROR;
				CLANG_WARN_UNREACHABLE_CODE = YES;
				CLANG_WARN__DUPLICATE_METHOD_MATCH = YES;
				"CODE_SIGN_IDENTITY[sdk=iphoneos*]" = "iPhone Developer";
				COPY_PHASE_STRIP = NO;
				ENABLE_STRICT_OBJC_MSGSEND = YES;
				GCC_C_LANGUAGE_STANDARD = gnu99;
				GCC_DYNAMIC_NO_PIC = NO;
				GCC_OPTIMIZATION_LEVEL = 0;
				GCC_PREPROCESSOR_DEFINITIONS = (
					"DEBUG=1",
					"$(inherited)",
				);
				GCC_SYMBOLS_PRIVATE_EXTERN = NO;
				GCC_WARN_64_TO_32_BIT_CONVERSION = YES;
				GCC_WARN_ABOUT_RETURN_TYPE = YES_ERROR;
				GCC_WARN_UNDECLARED_SELECTOR = YES;
				GCC_WARN_UNINITIALIZED_AUTOS = YES_AGGRESSIVE;
				GCC_WARN_UNUSED_FUNCTION = YES;
				GCC_WARN_UNUSED_VARIABLE = YES;
				IPHONEOS_DEPLOYMENT_TARGET = 8.0;
				MTL_ENABLE_DEBUG_INFO = YES;
				ONLY_ACTIVE_ARCH = YES;
				SDKROOT = iphoneos;
				SWIFT_OPTIMIZATION_LEVEL = "-Onone";
				TARGETED_DEVICE_FAMILY = "1,2";
			};
			name = Debug;
		};
		C9524A1019CCBD0400E5578E /* Release */ = {
			isa = XCBuildConfiguration;
			buildSettings = {
				ALWAYS_SEARCH_USER_PATHS = NO;
				CLANG_CXX_LANGUAGE_STANDARD = "gnu++0x";
				CLANG_CXX_LIBRARY = "libc++";
				CLANG_ENABLE_MODULES = YES;
				CLANG_ENABLE_OBJC_ARC = YES;
				CLANG_WARN_BOOL_CONVERSION = YES;
				CLANG_WARN_CONSTANT_CONVERSION = YES;
				CLANG_WARN_DIRECT_OBJC_ISA_USAGE = YES_ERROR;
				CLANG_WARN_EMPTY_BODY = YES;
				CLANG_WARN_ENUM_CONVERSION = YES;
				CLANG_WARN_INT_CONVERSION = YES;
				CLANG_WARN_OBJC_ROOT_CLASS = YES_ERROR;
				CLANG_WARN_UNREACHABLE_CODE = YES;
				CLANG_WARN__DUPLICATE_METHOD_MATCH = YES;
				"CODE_SIGN_IDENTITY[sdk=iphoneos*]" = "iPhone Developer";
				COPY_PHASE_STRIP = YES;
				ENABLE_NS_ASSERTIONS = NO;
				ENABLE_STRICT_OBJC_MSGSEND = YES;
				GCC_C_LANGUAGE_STANDARD = gnu99;
				GCC_WARN_64_TO_32_BIT_CONVERSION = YES;
				GCC_WARN_ABOUT_RETURN_TYPE = YES_ERROR;
				GCC_WARN_UNDECLARED_SELECTOR = YES;
				GCC_WARN_UNINITIALIZED_AUTOS = YES_AGGRESSIVE;
				GCC_WARN_UNUSED_FUNCTION = YES;
				GCC_WARN_UNUSED_VARIABLE = YES;
				IPHONEOS_DEPLOYMENT_TARGET = 8.0;
				MTL_ENABLE_DEBUG_INFO = NO;
				SDKROOT = iphoneos;
				TARGETED_DEVICE_FAMILY = "1,2";
				VALIDATE_PRODUCT = YES;
			};
			name = Release;
		};
		C9524A1219CCBD0400E5578E /* Debug */ = {
			isa = XCBuildConfiguration;
			buildSettings = {
				ASSETCATALOG_COMPILER_APPICON_NAME = AppIcon;
				INFOPLIST_FILE = Alpha/Info.plist;
				LD_RUNPATH_SEARCH_PATHS = "$(inherited) @executable_path/Frameworks";
				PRODUCT_NAME = "$(TARGET_NAME)";
			};
			name = Debug;
		};
		C9524A1319CCBD0400E5578E /* Release */ = {
			isa = XCBuildConfiguration;
			buildSettings = {
				ASSETCATALOG_COMPILER_APPICON_NAME = AppIcon;
				INFOPLIST_FILE = Alpha/Info.plist;
				LD_RUNPATH_SEARCH_PATHS = "$(inherited) @executable_path/Frameworks";
				PRODUCT_NAME = "$(TARGET_NAME)";
			};
			name = Release;
		};
		C9524A1519CCBD0400E5578E /* Debug */ = {
			isa = XCBuildConfiguration;
			buildSettings = {
				BUNDLE_LOADER = "$(TEST_HOST)";
				FRAMEWORK_SEARCH_PATHS = (
					"$(SDKROOT)/Developer/Library/Frameworks",
					"$(inherited)",
				);
				GCC_PREPROCESSOR_DEFINITIONS = (
					"DEBUG=1",
					"$(inherited)",
				);
				INFOPLIST_FILE = AlphaTests/Info.plist;
				LD_RUNPATH_SEARCH_PATHS = "$(inherited) @executable_path/Frameworks @loader_path/Frameworks";
				PRODUCT_NAME = "$(TARGET_NAME)";
				TEST_HOST = "$(BUILT_PRODUCTS_DIR)/Alpha.app/Alpha";
			};
			name = Debug;
		};
		C9524A1619CCBD0400E5578E /* Release */ = {
			isa = XCBuildConfiguration;
			buildSettings = {
				BUNDLE_LOADER = "$(TEST_HOST)";
				FRAMEWORK_SEARCH_PATHS = (
					"$(SDKROOT)/Developer/Library/Frameworks",
					"$(inherited)",
				);
				INFOPLIST_FILE = AlphaTests/Info.plist;
				LD_RUNPATH_SEARCH_PATHS = "$(inherited) @executable_path/Frameworks @loader_path/Frameworks";
				PRODUCT_NAME = "$(TARGET_NAME)";
				TEST_HOST = "$(BUILT_PRODUCTS_DIR)/Alpha.app/Alpha";
			};
			name = Release;
		};
/* End XCBuildConfiguration section */

/* Begin XCConfigurationList section */
		C95249E819CCBD0400E5578E /* Build configuration list for PBXProject "Alpha" */ = {
			isa = XCConfigurationList;
			buildConfigurations = (
				C9524A0F19CCBD0400E5578E /* Debug */,
				C9524A1019CCBD0400E5578E /* Release */,
			);
			defaultConfigurationIsVisible = 0;
			defaultConfigurationName = Release;
		};
		C9524A1119CCBD0400E5578E /* Build configuration list for PBXNativeTarget "Alpha" */ = {
			isa = XCConfigurationList;
			buildConfigurations = (
				C9524A1219CCBD0400E5578E /* Debug */,
				C9524A1319CCBD0400E5578E /* Release */,
			);
			defaultConfigurationIsVisible = 0;
			defaultConfigurationName = Release;
		};
		C9524A1419CCBD0400E5578E /* Build configuration list for PBXNativeTarget "AlphaTests" */ = {
			isa = XCConfigurationList;
			buildConfigurations = (
				C9524A1519CCBD0400E5578E /* Debug */,
				C9524A1619CCBD0400E5578E /* Release */,
			);
			defaultConfigurationIsVisible = 0;
			defaultConfigurationName = Release;
		};
/* End XCConfigurationList section */

/* Begin XCVersionGroup section */
		C95249F419CCBD0400E5578E /* Alpha.xcdatamodeld */ = {
			isa = XCVersionGroup;
			children = (
				C95249F519CCBD0400E5578E /* Alpha.xcdatamodel */,
			);
			currentVersion = C95249F519CCBD0400E5578E /* Alpha.xcdatamodel */;
			path = Alpha.xcdatamodeld;
			sourceTree = "<group>";
			versionGroupType = wrapper.xcdatamodel;
		};
/* End XCVersionGroup section */
	};
	rootObject = C95249E519CCBD0400E5578E /* Project object */;
}
